
Microsoft Visual Studio Solution File, Format Version 12.00
# Visual Studio Version 16
VisualStudioVersion = 16.0.30804.86
MinimumVisualStudioVersion = 10.0.40219.1
Project("{9A19103F-16F7-4668-BE54-9A1E7A4F7556}") = "AOCEADCA3", "AOCEADCA3\AOCEADCA3.csproj", "{15CE7F78-9908-4006-98E3-4EBC0012F01B}"
EndProject
Project("{2150E333-8FDC-42A3-9474-1A3956D46DE8}") = "Solution Items", "Solution Items", "{CA1F8812-E421-4ABA-A7C9-A72A9D9546BB}"
EndProject
Project("{FAE04EC0-301F-11D3-BF4B-00C04F79EFBC}") = "EADCA3UnitTett1", "EADCA3UnitTett1\EADCA3UnitTett1.csproj", "{ECCB9F41-2A66-4A82-A957-A7E90E605E42}"
EndProject
Global
	GlobalSection(SolutionConfigurationPlatforms) = preSolution
		Debug|Any CPU = Debug|Any CPU
		Release|Any CPU = Release|Any CPU
	EndGlobalSection
	GlobalSection(ProjectConfigurationPlatforms) = postSolution
		{15CE7F78-9908-4006-98E3-4EBC0012F01B}.Debug|Any CPU.ActiveCfg = Debug|Any CPU
		{15CE7F78-9908-4006-98E3-4EBC0012F01B}.Debug|Any CPU.Build.0 = Debug|Any CPU
		{15CE7F78-9908-4006-98E3-4EBC0012F01B}.Release|Any CPU.ActiveCfg = Release|Any CPU
		{15CE7F78-9908-4006-98E3-4EBC0012F01B}.Release|Any CPU.Build.0 = Release|Any CPU
		{ECCB9F41-2A66-4A82-A957-A7E90E605E42}.Debug|Any CPU.ActiveCfg = Debug|Any CPU
		{ECCB9F41-2A66-4A82-A957-A7E90E605E42}.Debug|Any CPU.Build.0 = Debug|Any CPU
		{ECCB9F41-2A66-4A82-A957-A7E90E605E42}.Release|Any CPU.ActiveCfg = Release|Any CPU
		{ECCB9F41-2A66-4A82-A957-A7E90E605E42}.Release|Any CPU.Build.0 = Release|Any CPU
	EndGlobalSection
	GlobalSection(SolutionProperties) = preSolution
		HideSolutionNode = FALSE
	EndGlobalSection
	GlobalSection(ExtensibilityGlobals) = postSolution
		SolutionGuid = {30067B1A-405C-4564-AA4E-02C8B8CC5756}
	EndGlobalSection
EndGlobal
